<Solution>
  <Folder Name="/src/">
    <Project Path="src/ConversorJ.App/ConversorJ.App.csproj" />
    <Project Path="src/ConversorJ.Core/ConversorJ.Core.csproj" />
  </Folder>
  <Folder Name="/tests/">
    <Project Path="tests/ConversorJ.Core.Tests/ConversorJ.Core.Tests.csproj" />
  </Folder>
</Solution>
